Microsoft Visual Studio Solution File, Format Version 12.00
# Visual Studio 14
Project("{2150E333-8FDC-42A3-9474-1A3956D46DE8}") = "CMakePredefinedTargets", "CMakePredefinedTargets", "{579CF841-1192-34BA-93B9-C449D00058E1}"
EndProject
Project("{2150E333-8FDC-42A3-9474-1A3956D46DE8}") = "Sungine", "Sungine", "{CADDA402-3738-35D6-894C-E8A1A20968CC}"
EndProject
Project("{2150E333-8FDC-42A3-9474-1A3956D46DE8}") = "Engine", "Sungine\Engine", "{C213C9F0-696F-3301-8305-54992FED1C5B}"
EndProject
Project("{2150E333-8FDC-42A3-9474-1A3956D46DE8}") = "ThirdParties", "Sungine\ThirdParties", "{F4BCD9A8-B654-3CFD-80F1-4D0D4D78568E}"
EndProject
Project("{8BC9CEB8-8B4A-11D0-8D11-00A0C91BC942}") = "ALL_BUILD", "ALL_BUILD.vcxproj", "{DB474D54-E150-3403-AA7F-1643CA4927F5}"
	ProjectSection(ProjectDependencies) = postProject
		{01A99466-A8C8-3D69-971B-B677002CAA2F} = {01A99466-A8C8-3D69-971B-B677002CAA2F}
		{D3F519BE-93ED-34FD-B686-098E889AB7F5} = {D3F519BE-93ED-34FD-B686-098E889AB7F5}
		{3B93513D-61B9-33DE-AD5F-1CC244669543} = {3B93513D-61B9-33DE-AD5F-1CC244669543}
		{72390464-FE34-397E-8372-44FB62FC0A2C} = {72390464-FE34-397E-8372-44FB62FC0A2C}
		{C75C0F37-D157-30EC-9583-22659F0A46B5} = {C75C0F37-D157-30EC-9583-22659F0A46B5}
		{DD874A8D-0E84-300F-8984-08B718052171} = {DD874A8D-0E84-300F-8984-08B718052171}
		{3663A639-176C-38F6-8366-F8D40AF260BE} = {3663A639-176C-38F6-8366-F8D40AF260BE}
		{3EDC7041-CCE9-3674-9EEB-47B3E0C21A35} = {3EDC7041-CCE9-3674-9EEB-47B3E0C21A35}
		{3B1BE3D1-F7F9-3225-ABE6-CEDD830C93E3} = {3B1BE3D1-F7F9-3225-ABE6-CEDD830C93E3}
		{B739233A-E180-3532-B256-45CF2AAD7764} = {B739233A-E180-3532-B256-45CF2AAD7764}
		{543467CF-EA1D-338B-B13C-E40DB8741B3B} = {543467CF-EA1D-338B-B13C-E40DB8741B3B}
		{F23BEC54-3DF2-3654-AF09-E8D9B4A093CF} = {F23BEC54-3DF2-3654-AF09-E8D9B4A093CF}
		{1F873ED9-48B7-39CD-94FB-40AA5A467772} = {1F873ED9-48B7-39CD-94FB-40AA5A467772}
		{4FF56DBB-CBA7-32F9-8923-898D9161AEB7} = {4FF56DBB-CBA7-32F9-8923-898D9161AEB7}
		{2BF8343D-0D22-3641-B3B1-6B69E456CAC9} = {2BF8343D-0D22-3641-B3B1-6B69E456CAC9}
		{719E6014-3B63-3715-A2EB-EACC524B4E22} = {719E6014-3B63-3715-A2EB-EACC524B4E22}
		{18CBB898-8F1F-3F1D-AA32-E0E5ECA36D8E} = {18CBB898-8F1F-3F1D-AA32-E0E5ECA36D8E}
		{4BC6966B-A94E-3074-BABF-6200AC56E7C3} = {4BC6966B-A94E-3074-BABF-6200AC56E7C3}
		{1E218360-352E-3968-B9A2-2FC30B7EAAF4} = {1E218360-352E-3968-B9A2-2FC30B7EAAF4}
		{C3FA82AF-754D-3B31-92EF-8590F317D692} = {C3FA82AF-754D-3B31-92EF-8590F317D692}
		{0F999AE9-195C-3DF5-A7D2-2B7988F88CE7} = {0F999AE9-195C-3DF5-A7D2-2B7988F88CE7}
		{4DB19734-DDCD-36EE-9396-A98BC540379E} = {4DB19734-DDCD-36EE-9396-A98BC540379E}
	EndProjectSection
EndProject
Project("{8BC9CEB8-8B4A-11D0-8D11-00A0C91BC942}") = "Bullet2FileLoader", "D:\programmation\repo_git\ProjectSungine\Sungine\Sungine\Sungine_build\Sungine_ThirdParty\bullet3\src\Bullet3Serialize\Bullet2FileLoader\Bullet2FileLoader.vcxproj", "{01A99466-A8C8-3D69-971B-B677002CAA2F}"
	ProjectSection(ProjectDependencies) = postProject
	EndProjectSection
EndProject
Project("{8BC9CEB8-8B4A-11D0-8D11-00A0C91BC942}") = "Bullet3Collision", "D:\programmation\repo_git\ProjectSungine\Sungine\Sungine\Sungine_build\Sungine_ThirdParty\bullet3\src\Bullet3Collision\Bullet3Collision.vcxproj", "{D3F519BE-93ED-34FD-B686-098E889AB7F5}"
	ProjectSection(ProjectDependencies) = postProject
	EndProjectSection
EndProject
Project("{8BC9CEB8-8B4A-11D0-8D11-00A0C91BC942}") = "Bullet3Common", "D:\programmation\repo_git\ProjectSungine\Sungine\Sungine\Sungine_build\Sungine_ThirdParty\bullet3\src\Bullet3Common\Bullet3Common.vcxproj", "{3B93513D-61B9-33DE-AD5F-1CC244669543}"
	ProjectSection(ProjectDependencies) = postProject
	EndProjectSection
EndProject
Project("{8BC9CEB8-8B4A-11D0-8D11-00A0C91BC942}") = "Bullet3Dynamics", "D:\programmation\repo_git\ProjectSungine\Sungine\Sungine\Sungine_build\Sungine_ThirdParty\bullet3\src\Bullet3Dynamics\Bullet3Dynamics.vcxproj", "{72390464-FE34-397E-8372-44FB62FC0A2C}"
	ProjectSection(ProjectDependencies) = postProject
	EndProjectSection
EndProject
Project("{8BC9CEB8-8B4A-11D0-8D11-00A0C91BC942}") = "Bullet3Geometry", "D:\programmation\repo_git\ProjectSungine\Sungine\Sungine\Sungine_build\Sungine_ThirdParty\bullet3\src\Bullet3Geometry\Bullet3Geometry.vcxproj", "{C75C0F37-D157-30EC-9583-22659F0A46B5}"
	ProjectSection(ProjectDependencies) = postProject
	EndProjectSection
EndProject
Project("{8BC9CEB8-8B4A-11D0-8D11-00A0C91BC942}") = "Bullet3OpenCL_clew", "D:\programmation\repo_git\ProjectSungine\Sungine\Sungine\Sungine_build\Sungine_ThirdParty\bullet3\src\Bullet3OpenCL\Bullet3OpenCL_clew.vcxproj", "{DD874A8D-0E84-300F-8984-08B718052171}"
	ProjectSection(ProjectDependencies) = postProject
	EndProjectSection
EndProject
Project("{8BC9CEB8-8B4A-11D0-8D11-00A0C91BC942}") = "BulletCollision", "D:\programmation\repo_git\ProjectSungine\Sungine\Sungine\Sungine_build\Sungine_ThirdParty\bullet3\src\BulletCollision\BulletCollision.vcxproj", "{3663A639-176C-38F6-8366-F8D40AF260BE}"
	ProjectSection(ProjectDependencies) = postProject
	EndProjectSection
EndProject
Project("{8BC9CEB8-8B4A-11D0-8D11-00A0C91BC942}") = "BulletDynamics", "D:\programmation\repo_git\ProjectSungine\Sungine\Sungine\Sungine_build\Sungine_ThirdParty\bullet3\src\BulletDynamics\BulletDynamics.vcxproj", "{3EDC7041-CCE9-3674-9EEB-47B3E0C21A35}"
	ProjectSection(ProjectDependencies) = postProject
	EndProjectSection
EndProject
Project("{8BC9CEB8-8B4A-11D0-8D11-00A0C91BC942}") = "BulletInverseDynamics", "D:\programmation\repo_git\ProjectSungine\Sungine\Sungine\Sungine_build\Sungine_ThirdParty\bullet3\src\BulletInverseDynamics\BulletInverseDynamics.vcxproj", "{3B1BE3D1-F7F9-3225-ABE6-CEDD830C93E3}"
	ProjectSection(ProjectDependencies) = postProject
	EndProjectSection
EndProject
Project("{8BC9CEB8-8B4A-11D0-8D11-00A0C91BC942}") = "BulletSoftBody", "D:\programmation\repo_git\ProjectSungine\Sungine\Sungine\Sungine_build\Sungine_ThirdParty\bullet3\src\BulletSoftBody\BulletSoftBody.vcxproj", "{B739233A-E180-3532-B256-45CF2AAD7764}"
	ProjectSection(ProjectDependencies) = postProject
	EndProjectSection
EndProject
Project("{8BC9CEB8-8B4A-11D0-8D11-00A0C91BC942}") = "INSTALL", "INSTALL.vcxproj", "{FCB71E81-5D73-329C-97B1-2335CC395940}"
	ProjectSection(ProjectDependencies) = postProject
		{DB474D54-E150-3403-AA7F-1643CA4927F5} = {DB474D54-E150-3403-AA7F-1643CA4927F5}
	EndProjectSection
EndProject
Project("{8BC9CEB8-8B4A-11D0-8D11-00A0C91BC942}") = "LinearMath", "D:\programmation\repo_git\ProjectSungine\Sungine\Sungine\Sungine_build\Sungine_ThirdParty\bullet3\src\LinearMath\LinearMath.vcxproj", "{543467CF-EA1D-338B-B13C-E40DB8741B3B}"
	ProjectSection(ProjectDependencies) = postProject
	EndProjectSection
EndProject
Project("{8BC9CEB8-8B4A-11D0-8D11-00A0C91BC942}") = "MyProject", "MyProject.vcxproj", "{F23BEC54-3DF2-3654-AF09-E8D9B4A093CF}"
	ProjectSection(ProjectDependencies) = postProject
		{01A99466-A8C8-3D69-971B-B677002CAA2F} = {01A99466-A8C8-3D69-971B-B677002CAA2F}
		{D3F519BE-93ED-34FD-B686-098E889AB7F5} = {D3F519BE-93ED-34FD-B686-098E889AB7F5}
		{3B93513D-61B9-33DE-AD5F-1CC244669543} = {3B93513D-61B9-33DE-AD5F-1CC244669543}
		{72390464-FE34-397E-8372-44FB62FC0A2C} = {72390464-FE34-397E-8372-44FB62FC0A2C}
		{C75C0F37-D157-30EC-9583-22659F0A46B5} = {C75C0F37-D157-30EC-9583-22659F0A46B5}
		{DD874A8D-0E84-300F-8984-08B718052171} = {DD874A8D-0E84-300F-8984-08B718052171}
		{3663A639-176C-38F6-8366-F8D40AF260BE} = {3663A639-176C-38F6-8366-F8D40AF260BE}
		{3EDC7041-CCE9-3674-9EEB-47B3E0C21A35} = {3EDC7041-CCE9-3674-9EEB-47B3E0C21A35}
		{3B1BE3D1-F7F9-3225-ABE6-CEDD830C93E3} = {3B1BE3D1-F7F9-3225-ABE6-CEDD830C93E3}
		{543467CF-EA1D-338B-B13C-E40DB8741B3B} = {543467CF-EA1D-338B-B13C-E40DB8741B3B}
		{1F873ED9-48B7-39CD-94FB-40AA5A467772} = {1F873ED9-48B7-39CD-94FB-40AA5A467772}
		{4FF56DBB-CBA7-32F9-8923-898D9161AEB7} = {4FF56DBB-CBA7-32F9-8923-898D9161AEB7}
		{2BF8343D-0D22-3641-B3B1-6B69E456CAC9} = {2BF8343D-0D22-3641-B3B1-6B69E456CAC9}
		{719E6014-3B63-3715-A2EB-EACC524B4E22} = {719E6014-3B63-3715-A2EB-EACC524B4E22}
		{4BC6966B-A94E-3074-BABF-6200AC56E7C3} = {4BC6966B-A94E-3074-BABF-6200AC56E7C3}
		{1E218360-352E-3968-B9A2-2FC30B7EAAF4} = {1E218360-352E-3968-B9A2-2FC30B7EAAF4}
		{C3FA82AF-754D-3B31-92EF-8590F317D692} = {C3FA82AF-754D-3B31-92EF-8590F317D692}
		{0F999AE9-195C-3DF5-A7D2-2B7988F88CE7} = {0F999AE9-195C-3DF5-A7D2-2B7988F88CE7}
		{4DB19734-DDCD-36EE-9396-A98BC540379E} = {4DB19734-DDCD-36EE-9396-A98BC540379E}
	EndProjectSection
EndProject
Project("{8BC9CEB8-8B4A-11D0-8D11-00A0C91BC942}") = "Sungine", "D:\programmation\repo_git\ProjectSungine\Sungine\Sungine\Sungine_build\Sungine.vcxproj", "{1F873ED9-48B7-39CD-94FB-40AA5A467772}"
	ProjectSection(ProjectDependencies) = postProject
		{01A99466-A8C8-3D69-971B-B677002CAA2F} = {01A99466-A8C8-3D69-971B-B677002CAA2F}
		{D3F519BE-93ED-34FD-B686-098E889AB7F5} = {D3F519BE-93ED-34FD-B686-098E889AB7F5}
		{3B93513D-61B9-33DE-AD5F-1CC244669543} = {3B93513D-61B9-33DE-AD5F-1CC244669543}
		{72390464-FE34-397E-8372-44FB62FC0A2C} = {72390464-FE34-397E-8372-44FB62FC0A2C}
		{C75C0F37-D157-30EC-9583-22659F0A46B5} = {C75C0F37-D157-30EC-9583-22659F0A46B5}
		{DD874A8D-0E84-300F-8984-08B718052171} = {DD874A8D-0E84-300F-8984-08B718052171}
		{3663A639-176C-38F6-8366-F8D40AF260BE} = {3663A639-176C-38F6-8366-F8D40AF260BE}
		{3EDC7041-CCE9-3674-9EEB-47B3E0C21A35} = {3EDC7041-CCE9-3674-9EEB-47B3E0C21A35}
		{3B1BE3D1-F7F9-3225-ABE6-CEDD830C93E3} = {3B1BE3D1-F7F9-3225-ABE6-CEDD830C93E3}
		{543467CF-EA1D-338B-B13C-E40DB8741B3B} = {543467CF-EA1D-338B-B13C-E40DB8741B3B}
		{4FF56DBB-CBA7-32F9-8923-898D9161AEB7} = {4FF56DBB-CBA7-32F9-8923-898D9161AEB7}
		{2BF8343D-0D22-3641-B3B1-6B69E456CAC9} = {2BF8343D-0D22-3641-B3B1-6B69E456CAC9}
		{719E6014-3B63-3715-A2EB-EACC524B4E22} = {719E6014-3B63-3715-A2EB-EACC524B4E22}
		{4BC6966B-A94E-3074-BABF-6200AC56E7C3} = {4BC6966B-A94E-3074-BABF-6200AC56E7C3}
		{1E218360-352E-3968-B9A2-2FC30B7EAAF4} = {1E218360-352E-3968-B9A2-2FC30B7EAAF4}
		{C3FA82AF-754D-3B31-92EF-8590F317D692} = {C3FA82AF-754D-3B31-92EF-8590F317D692}
		{0F999AE9-195C-3DF5-A7D2-2B7988F88CE7} = {0F999AE9-195C-3DF5-A7D2-2B7988F88CE7}
		{4DB19734-DDCD-36EE-9396-A98BC540379E} = {4DB19734-DDCD-36EE-9396-A98BC540379E}
	EndProjectSection
EndProject
Project("{8BC9CEB8-8B4A-11D0-8D11-00A0C91BC942}") = "assimp", "D:\programmation\repo_git\ProjectSungine\Sungine\Sungine\Sungine_build\Sungine_ThirdParty\assimp\code\assimp.vcxproj", "{4FF56DBB-CBA7-32F9-8923-898D9161AEB7}"
	ProjectSection(ProjectDependencies) = postProject
		{4DB19734-DDCD-36EE-9396-A98BC540379E} = {4DB19734-DDCD-36EE-9396-A98BC540379E}
	EndProjectSection
EndProject
Project("{8BC9CEB8-8B4A-11D0-8D11-00A0C91BC942}") = "glew", "D:\programmation\repo_git\ProjectSungine\Sungine\Sungine\Sungine_build\Sungine_ThirdParty\glew\glew.vcxproj", "{2BF8343D-0D22-3641-B3B1-6B69E456CAC9}"
	ProjectSection(ProjectDependencies) = postProject
	EndProjectSection
EndProject
Project("{8BC9CEB8-8B4A-11D0-8D11-00A0C91BC942}") = "glfw", "D:\programmation\repo_git\ProjectSungine\Sungine\Sungine\Sungine_build\Sungine_ThirdParty\glfw\src\glfw.vcxproj", "{719E6014-3B63-3715-A2EB-EACC524B4E22}"
	ProjectSection(ProjectDependencies) = postProject
	EndProjectSection
EndProject
Project("{8BC9CEB8-8B4A-11D0-8D11-00A0C91BC942}") = "glm", "D:\programmation\repo_git\ProjectSungine\Sungine\Sungine\Sungine_build\Sungine_ThirdParty\glm\glm\glm.vcxproj", "{18CBB898-8F1F-3F1D-AA32-E0E5ECA36D8E}"
	ProjectSection(ProjectDependencies) = postProject
	EndProjectSection
EndProject
Project("{8BC9CEB8-8B4A-11D0-8D11-00A0C91BC942}") = "hello", "D:\programmation\repo_git\ProjectSungine\Sungine\Sungine\Sungine_build\Sungine_ThirdParty\libhello\hello.vcxproj", "{4BC6966B-A94E-3074-BABF-6200AC56E7C3}"
	ProjectSection(ProjectDependencies) = postProject
	EndProjectSection
EndProject
Project("{8BC9CEB8-8B4A-11D0-8D11-00A0C91BC942}") = "imgui", "D:\programmation\repo_git\ProjectSungine\Sungine\Sungine\Sungine_build\Sungine_ThirdParty\imgui\imgui.vcxproj", "{1E218360-352E-3968-B9A2-2FC30B7EAAF4}"
	ProjectSection(ProjectDependencies) = postProject
	EndProjectSection
EndProject
Project("{8BC9CEB8-8B4A-11D0-8D11-00A0C91BC942}") = "jsoncpp", "D:\programmation\repo_git\ProjectSungine\Sungine\Sungine\Sungine_build\Sungine_ThirdParty\jsoncpp\jsoncpp.vcxproj", "{C3FA82AF-754D-3B31-92EF-8590F317D692}"
	ProjectSection(ProjectDependencies) = postProject
	EndProjectSection
EndProject
Project("{8BC9CEB8-8B4A-11D0-8D11-00A0C91BC942}") = "stb", "D:\programmation\repo_git\ProjectSungine\Sungine\Sungine\Sungine_build\Sungine_ThirdParty\stb\stb.vcxproj", "{0F999AE9-195C-3DF5-A7D2-2B7988F88CE7}"
	ProjectSection(ProjectDependencies) = postProject
	EndProjectSection
EndProject
Project("{8BC9CEB8-8B4A-11D0-8D11-00A0C91BC942}") = "zlibstatic", "D:\programmation\repo_git\ProjectSungine\Sungine\Sungine\Sungine_build\Sungine_ThirdParty\assimp\contrib\zlib\zlibstatic.vcxproj", "{4DB19734-DDCD-36EE-9396-A98BC540379E}"
	ProjectSection(ProjectDependencies) = postProject
	EndProjectSection
EndProject
Global
	GlobalSection(SolutionConfigurationPlatforms) = preSolution
		Debug|Win32 = Debug|Win32
		Release|Win32 = Release|Win32
		MinSizeRel|Win32 = MinSizeRel|Win32
		RelWithDebInfo|Win32 = RelWithDebInfo|Win32
	EndGlobalSection
	GlobalSection(ProjectConfigurationPlatforms) = postSolution
		{DB474D54-E150-3403-AA7F-1643CA4927F5}.Debug|Win32.ActiveCfg = Debug|Win32
		{DB474D54-E150-3403-AA7F-1643CA4927F5}.Debug|Win32.Build.0 = Debug|Win32
		{DB474D54-E150-3403-AA7F-1643CA4927F5}.Release|Win32.ActiveCfg = Release|Win32
		{DB474D54-E150-3403-AA7F-1643CA4927F5}.Release|Win32.Build.0 = Release|Win32
		{DB474D54-E150-3403-AA7F-1643CA4927F5}.MinSizeRel|Win32.ActiveCfg = MinSizeRel|Win32
		{DB474D54-E150-3403-AA7F-1643CA4927F5}.MinSizeRel|Win32.Build.0 = MinSizeRel|Win32
		{DB474D54-E150-3403-AA7F-1643CA4927F5}.RelWithDebInfo|Win32.ActiveCfg = RelWithDebInfo|Win32
		{DB474D54-E150-3403-AA7F-1643CA4927F5}.RelWithDebInfo|Win32.Build.0 = RelWithDebInfo|Win32
		{01A99466-A8C8-3D69-971B-B677002CAA2F}.Debug|Win32.ActiveCfg = Debug|Win32
		{01A99466-A8C8-3D69-971B-B677002CAA2F}.Debug|Win32.Build.0 = Debug|Win32
		{01A99466-A8C8-3D69-971B-B677002CAA2F}.Release|Win32.ActiveCfg = Release|Win32
		{01A99466-A8C8-3D69-971B-B677002CAA2F}.Release|Win32.Build.0 = Release|Win32
		{01A99466-A8C8-3D69-971B-B677002CAA2F}.MinSizeRel|Win32.ActiveCfg = MinSizeRel|Win32
		{01A99466-A8C8-3D69-971B-B677002CAA2F}.MinSizeRel|Win32.Build.0 = MinSizeRel|Win32
		{01A99466-A8C8-3D69-971B-B677002CAA2F}.RelWithDebInfo|Win32.ActiveCfg = RelWithDebInfo|Win32
		{01A99466-A8C8-3D69-971B-B677002CAA2F}.RelWithDebInfo|Win32.Build.0 = RelWithDebInfo|Win32
		{D3F519BE-93ED-34FD-B686-098E889AB7F5}.Debug|Win32.ActiveCfg = Debug|Win32
		{D3F519BE-93ED-34FD-B686-098E889AB7F5}.Debug|Win32.Build.0 = Debug|Win32
		{D3F519BE-93ED-34FD-B686-098E889AB7F5}.Release|Win32.ActiveCfg = Release|Win32
		{D3F519BE-93ED-34FD-B686-098E889AB7F5}.Release|Win32.Build.0 = Release|Win32
		{D3F519BE-93ED-34FD-B686-098E889AB7F5}.MinSizeRel|Win32.ActiveCfg = MinSizeRel|Win32
		{D3F519BE-93ED-34FD-B686-098E889AB7F5}.MinSizeRel|Win32.Build.0 = MinSizeRel|Win32
		{D3F519BE-93ED-34FD-B686-098E889AB7F5}.RelWithDebInfo|Win32.ActiveCfg = RelWithDebInfo|Win32
		{D3F519BE-93ED-34FD-B686-098E889AB7F5}.RelWithDebInfo|Win32.Build.0 = RelWithDebInfo|Win32
		{3B93513D-61B9-33DE-AD5F-1CC244669543}.Debug|Win32.ActiveCfg = Debug|Win32
		{3B93513D-61B9-33DE-AD5F-1CC244669543}.Debug|Win32.Build.0 = Debug|Win32
		{3B93513D-61B9-33DE-AD5F-1CC244669543}.Release|Win32.ActiveCfg = Release|Win32
		{3B93513D-61B9-33DE-AD5F-1CC244669543}.Release|Win32.Build.0 = Release|Win32
		{3B93513D-61B9-33DE-AD5F-1CC244669543}.MinSizeRel|Win32.ActiveCfg = MinSizeRel|Win32
		{3B93513D-61B9-33DE-AD5F-1CC244669543}.MinSizeRel|Win32.Build.0 = MinSizeRel|Win32
		{3B93513D-61B9-33DE-AD5F-1CC244669543}.RelWithDebInfo|Win32.ActiveCfg = RelWithDebInfo|Win32
		{3B93513D-61B9-33DE-AD5F-1CC244669543}.RelWithDebInfo|Win32.Build.0 = RelWithDebInfo|Win32
		{72390464-FE34-397E-8372-44FB62FC0A2C}.Debug|Win32.ActiveCfg = Debug|Win32
		{72390464-FE34-397E-8372-44FB62FC0A2C}.Debug|Win32.Build.0 = Debug|Win32
		{72390464-FE34-397E-8372-44FB62FC0A2C}.Release|Win32.ActiveCfg = Release|Win32
		{72390464-FE34-397E-8372-44FB62FC0A2C}.Release|Win32.Build.0 = Release|Win32
		{72390464-FE34-397E-8372-44FB62FC0A2C}.MinSizeRel|Win32.ActiveCfg = MinSizeRel|Win32
		{72390464-FE34-397E-8372-44FB62FC0A2C}.MinSizeRel|Win32.Build.0 = MinSizeRel|Win32
		{72390464-FE34-397E-8372-44FB62FC0A2C}.RelWithDebInfo|Win32.ActiveCfg = RelWithDebInfo|Win32
		{72390464-FE34-397E-8372-44FB62FC0A2C}.RelWithDebInfo|Win32.Build.0 = RelWithDebInfo|Win32
		{C75C0F37-D157-30EC-9583-22659F0A46B5}.Debug|Win32.ActiveCfg = Debug|Win32
		{C75C0F37-D157-30EC-9583-22659F0A46B5}.Debug|Win32.Build.0 = Debug|Win32
		{C75C0F37-D157-30EC-9583-22659F0A46B5}.Release|Win32.ActiveCfg = Release|Win32
		{C75C0F37-D157-30EC-9583-22659F0A46B5}.Release|Win32.Build.0 = Release|Win32
		{C75C0F37-D157-30EC-9583-22659F0A46B5}.MinSizeRel|Win32.ActiveCfg = MinSizeRel|Win32
		{C75C0F37-D157-30EC-9583-22659F0A46B5}.MinSizeRel|Win32.Build.0 = MinSizeRel|Win32
		{C75C0F37-D157-30EC-9583-22659F0A46B5}.RelWithDebInfo|Win32.ActiveCfg = RelWithDebInfo|Win32
		{C75C0F37-D157-30EC-9583-22659F0A46B5}.RelWithDebInfo|Win32.Build.0 = RelWithDebInfo|Win32
		{DD874A8D-0E84-300F-8984-08B718052171}.Debug|Win32.ActiveCfg = Debug|Win32
		{DD874A8D-0E84-300F-8984-08B718052171}.Debug|Win32.Build.0 = Debug|Win32
		{DD874A8D-0E84-300F-8984-08B718052171}.Release|Win32.ActiveCfg = Release|Win32
		{DD874A8D-0E84-300F-8984-08B718052171}.Release|Win32.Build.0 = Release|Win32
		{DD874A8D-0E84-300F-8984-08B718052171}.MinSizeRel|Win32.ActiveCfg = MinSizeRel|Win32
		{DD874A8D-0E84-300F-8984-08B718052171}.MinSizeRel|Win32.Build.0 = MinSizeRel|Win32
		{DD874A8D-0E84-300F-8984-08B718052171}.RelWithDebInfo|Win32.ActiveCfg = RelWithDebInfo|Win32
		{DD874A8D-0E84-300F-8984-08B718052171}.RelWithDebInfo|Win32.Build.0 = RelWithDebInfo|Win32
		{3663A639-176C-38F6-8366-F8D40AF260BE}.Debug|Win32.ActiveCfg = Debug|Win32
		{3663A639-176C-38F6-8366-F8D40AF260BE}.Debug|Win32.Build.0 = Debug|Win32
		{3663A639-176C-38F6-8366-F8D40AF260BE}.Release|Win32.ActiveCfg = Release|Win32
		{3663A639-176C-38F6-8366-F8D40AF260BE}.Release|Win32.Build.0 = Release|Win32
		{3663A639-176C-38F6-8366-F8D40AF260BE}.MinSizeRel|Win32.ActiveCfg = MinSizeRel|Win32
		{3663A639-176C-38F6-8366-F8D40AF260BE}.MinSizeRel|Win32.Build.0 = MinSizeRel|Win32
		{3663A639-176C-38F6-8366-F8D40AF260BE}.RelWithDebInfo|Win32.ActiveCfg = RelWithDebInfo|Win32
		{3663A639-176C-38F6-8366-F8D40AF260BE}.RelWithDebInfo|Win32.Build.0 = RelWithDebInfo|Win32
		{3EDC7041-CCE9-3674-9EEB-47B3E0C21A35}.Debug|Win32.ActiveCfg = Debug|Win32
		{3EDC7041-CCE9-3674-9EEB-47B3E0C21A35}.Debug|Win32.Build.0 = Debug|Win32
		{3EDC7041-CCE9-3674-9EEB-47B3E0C21A35}.Release|Win32.ActiveCfg = Release|Win32
		{3EDC7041-CCE9-3674-9EEB-47B3E0C21A35}.Release|Win32.Build.0 = Release|Win32
		{3EDC7041-CCE9-3674-9EEB-47B3E0C21A35}.MinSizeRel|Win32.ActiveCfg = MinSizeRel|Win32
		{3EDC7041-CCE9-3674-9EEB-47B3E0C21A35}.MinSizeRel|Win32.Build.0 = MinSizeRel|Win32
		{3EDC7041-CCE9-3674-9EEB-47B3E0C21A35}.RelWithDebInfo|Win32.ActiveCfg = RelWithDebInfo|Win32
		{3EDC7041-CCE9-3674-9EEB-47B3E0C21A35}.RelWithDebInfo|Win32.Build.0 = RelWithDebInfo|Win32
		{3B1BE3D1-F7F9-3225-ABE6-CEDD830C93E3}.Debug|Win32.ActiveCfg = Debug|Win32
		{3B1BE3D1-F7F9-3225-ABE6-CEDD830C93E3}.Debug|Win32.Build.0 = Debug|Win32
		{3B1BE3D1-F7F9-3225-ABE6-CEDD830C93E3}.Release|Win32.ActiveCfg = Release|Win32
		{3B1BE3D1-F7F9-3225-ABE6-CEDD830C93E3}.Release|Win32.Build.0 = Release|Win32
		{3B1BE3D1-F7F9-3225-ABE6-CEDD830C93E3}.MinSizeRel|Win32.ActiveCfg = MinSizeRel|Win32
		{3B1BE3D1-F7F9-3225-ABE6-CEDD830C93E3}.MinSizeRel|Win32.Build.0 = MinSizeRel|Win32
		{3B1BE3D1-F7F9-3225-ABE6-CEDD830C93E3}.RelWithDebInfo|Win32.ActiveCfg = RelWithDebInfo|Win32
		{3B1BE3D1-F7F9-3225-ABE6-CEDD830C93E3}.RelWithDebInfo|Win32.Build.0 = RelWithDebInfo|Win32
		{B739233A-E180-3532-B256-45CF2AAD7764}.Debug|Win32.ActiveCfg = Debug|Win32
		{B739233A-E180-3532-B256-45CF2AAD7764}.Debug|Win32.Build.0 = Debug|Win32
		{B739233A-E180-3532-B256-45CF2AAD7764}.Release|Win32.ActiveCfg = Release|Win32
		{B739233A-E180-3532-B256-45CF2AAD7764}.Release|Win32.Build.0 = Release|Win32
		{B739233A-E180-3532-B256-45CF2AAD7764}.MinSizeRel|Win32.ActiveCfg = MinSizeRel|Win32
		{B739233A-E180-3532-B256-45CF2AAD7764}.MinSizeRel|Win32.Build.0 = MinSizeRel|Win32
		{B739233A-E180-3532-B256-45CF2AAD7764}.RelWithDebInfo|Win32.ActiveCfg = RelWithDebInfo|Win32
		{B739233A-E180-3532-B256-45CF2AAD7764}.RelWithDebInfo|Win32.Build.0 = RelWithDebInfo|Win32
		{FCB71E81-5D73-329C-97B1-2335CC395940}.Debug|Win32.ActiveCfg = Debug|Win32
		{FCB71E81-5D73-329C-97B1-2335CC395940}.Release|Win32.ActiveCfg = Release|Win32
		{FCB71E81-5D73-329C-97B1-2335CC395940}.MinSizeRel|Win32.ActiveCfg = MinSizeRel|Win32
		{FCB71E81-5D73-329C-97B1-2335CC395940}.RelWithDebInfo|Win32.ActiveCfg = RelWithDebInfo|Win32
		{543467CF-EA1D-338B-B13C-E40DB8741B3B}.Debug|Win32.ActiveCfg = Debug|Win32
		{543467CF-EA1D-338B-B13C-E40DB8741B3B}.Debug|Win32.Build.0 = Debug|Win32
		{543467CF-EA1D-338B-B13C-E40DB8741B3B}.Release|Win32.ActiveCfg = Release|Win32
		{543467CF-EA1D-338B-B13C-E40DB8741B3B}.Release|Win32.Build.0 = Release|Win32
		{543467CF-EA1D-338B-B13C-E40DB8741B3B}.MinSizeRel|Win32.ActiveCfg = MinSizeRel|Win32
		{543467CF-EA1D-338B-B13C-E40DB8741B3B}.MinSizeRel|Win32.Build.0 = MinSizeRel|Win32
		{543467CF-EA1D-338B-B13C-E40DB8741B3B}.RelWithDebInfo|Win32.ActiveCfg = RelWithDebInfo|Win32
		{543467CF-EA1D-338B-B13C-E40DB8741B3B}.RelWithDebInfo|Win32.Build.0 = RelWithDebInfo|Win32
		{F23BEC54-3DF2-3654-AF09-E8D9B4A093CF}.Debug|Win32.ActiveCfg = Debug|Win32
		{F23BEC54-3DF2-3654-AF09-E8D9B4A093CF}.Debug|Win32.Build.0 = Debug|Win32
		{F23BEC54-3DF2-3654-AF09-E8D9B4A093CF}.Release|Win32.ActiveCfg = Release|Win32
		{F23BEC54-3DF2-3654-AF09-E8D9B4A093CF}.Release|Win32.Build.0 = Release|Win32
		{F23BEC54-3DF2-3654-AF09-E8D9B4A093CF}.MinSizeRel|Win32.ActiveCfg = MinSizeRel|Win32
		{F23BEC54-3DF2-3654-AF09-E8D9B4A093CF}.MinSizeRel|Win32.Build.0 = MinSizeRel|Win32
		{F23BEC54-3DF2-3654-AF09-E8D9B4A093CF}.RelWithDebInfo|Win32.ActiveCfg = RelWithDebInfo|Win32
		{F23BEC54-3DF2-3654-AF09-E8D9B4A093CF}.RelWithDebInfo|Win32.Build.0 = RelWithDebInfo|Win32
		{1F873ED9-48B7-39CD-94FB-40AA5A467772}.Debug|Win32.ActiveCfg = Debug|Win32
		{1F873ED9-48B7-39CD-94FB-40AA5A467772}.Debug|Win32.Build.0 = Debug|Win32
		{1F873ED9-48B7-39CD-94FB-40AA5A467772}.Release|Win32.ActiveCfg = Release|Win32
		{1F873ED9-48B7-39CD-94FB-40AA5A467772}.Release|Win32.Build.0 = Release|Win32
		{1F873ED9-48B7-39CD-94FB-40AA5A467772}.MinSizeRel|Win32.ActiveCfg = MinSizeRel|Win32
		{1F873ED9-48B7-39CD-94FB-40AA5A467772}.MinSizeRel|Win32.Build.0 = MinSizeRel|Win32
		{1F873ED9-48B7-39CD-94FB-40AA5A467772}.RelWithDebInfo|Win32.ActiveCfg = RelWithDebInfo|Win32
		{1F873ED9-48B7-39CD-94FB-40AA5A467772}.RelWithDebInfo|Win32.Build.0 = RelWithDebInfo|Win32
		{4FF56DBB-CBA7-32F9-8923-898D9161AEB7}.Debug|Win32.ActiveCfg = Debug|Win32
		{4FF56DBB-CBA7-32F9-8923-898D9161AEB7}.Debug|Win32.Build.0 = Debug|Win32
		{4FF56DBB-CBA7-32F9-8923-898D9161AEB7}.Release|Win32.ActiveCfg = Release|Win32
		{4FF56DBB-CBA7-32F9-8923-898D9161AEB7}.Release|Win32.Build.0 = Release|Win32
		{4FF56DBB-CBA7-32F9-8923-898D9161AEB7}.MinSizeRel|Win32.ActiveCfg = MinSizeRel|Win32
		{4FF56DBB-CBA7-32F9-8923-898D9161AEB7}.MinSizeRel|Win32.Build.0 = MinSizeRel|Win32
		{4FF56DBB-CBA7-32F9-8923-898D9161AEB7}.RelWithDebInfo|Win32.ActiveCfg = RelWithDebInfo|Win32
		{4FF56DBB-CBA7-32F9-8923-898D9161AEB7}.RelWithDebInfo|Win32.Build.0 = RelWithDebInfo|Win32
		{2BF8343D-0D22-3641-B3B1-6B69E456CAC9}.Debug|Win32.ActiveCfg = Debug|Win32
		{2BF8343D-0D22-3641-B3B1-6B69E456CAC9}.Debug|Win32.Build.0 = Debug|Win32
		{2BF8343D-0D22-3641-B3B1-6B69E456CAC9}.Release|Win32.ActiveCfg = Release|Win32
		{2BF8343D-0D22-3641-B3B1-6B69E456CAC9}.Release|Win32.Build.0 = Release|Win32
		{2BF8343D-0D22-3641-B3B1-6B69E456CAC9}.MinSizeRel|Win32.ActiveCfg = MinSizeRel|Win32
		{2BF8343D-0D22-3641-B3B1-6B69E456CAC9}.MinSizeRel|Win32.Build.0 = MinSizeRel|Win32
		{2BF8343D-0D22-3641-B3B1-6B69E456CAC9}.RelWithDebInfo|Win32.ActiveCfg = RelWithDebInfo|Win32
		{2BF8343D-0D22-3641-B3B1-6B69E456CAC9}.RelWithDebInfo|Win32.Build.0 = RelWithDebInfo|Win32
		{719E6014-3B63-3715-A2EB-EACC524B4E22}.Debug|Win32.ActiveCfg = Debug|Win32
		{719E6014-3B63-3715-A2EB-EACC524B4E22}.Debug|Win32.Build.0 = Debug|Win32
		{719E6014-3B63-3715-A2EB-EACC524B4E22}.Release|Win32.ActiveCfg = Release|Win32
		{719E6014-3B63-3715-A2EB-EACC524B4E22}.Release|Win32.Build.0 = Release|Win32
		{719E6014-3B63-3715-A2EB-EACC524B4E22}.MinSizeRel|Win32.ActiveCfg = MinSizeRel|Win32
		{719E6014-3B63-3715-A2EB-EACC524B4E22}.MinSizeRel|Win32.Build.0 = MinSizeRel|Win32
		{719E6014-3B63-3715-A2EB-EACC524B4E22}.RelWithDebInfo|Win32.ActiveCfg = RelWithDebInfo|Win32
		{719E6014-3B63-3715-A2EB-EACC524B4E22}.RelWithDebInfo|Win32.Build.0 = RelWithDebInfo|Win32
		{18CBB898-8F1F-3F1D-AA32-E0E5ECA36D8E}.Debug|Win32.ActiveCfg = Debug|Win32
		{18CBB898-8F1F-3F1D-AA32-E0E5ECA36D8E}.Debug|Win32.Build.0 = Debug|Win32
		{18CBB898-8F1F-3F1D-AA32-E0E5ECA36D8E}.Release|Win32.ActiveCfg = Release|Win32
		{18CBB898-8F1F-3F1D-AA32-E0E5ECA36D8E}.Release|Win32.Build.0 = Release|Win32
		{18CBB898-8F1F-3F1D-AA32-E0E5ECA36D8E}.MinSizeRel|Win32.ActiveCfg = MinSizeRel|Win32
		{18CBB898-8F1F-3F1D-AA32-E0E5ECA36D8E}.MinSizeRel|Win32.Build.0 = MinSizeRel|Win32
		{18CBB898-8F1F-3F1D-AA32-E0E5ECA36D8E}.RelWithDebInfo|Win32.ActiveCfg = RelWithDebInfo|Win32
		{18CBB898-8F1F-3F1D-AA32-E0E5ECA36D8E}.RelWithDebInfo|Win32.Build.0 = RelWithDebInfo|Win32
		{4BC6966B-A94E-3074-BABF-6200AC56E7C3}.Debug|Win32.ActiveCfg = Debug|Win32
		{4BC6966B-A94E-3074-BABF-6200AC56E7C3}.Debug|Win32.Build.0 = Debug|Win32
		{4BC6966B-A94E-3074-BABF-6200AC56E7C3}.Release|Win32.ActiveCfg = Release|Win32
		{4BC6966B-A94E-3074-BABF-6200AC56E7C3}.Release|Win32.Build.0 = Release|Win32
		{4BC6966B-A94E-3074-BABF-6200AC56E7C3}.MinSizeRel|Win32.ActiveCfg = MinSizeRel|Win32
		{4BC6966B-A94E-3074-BABF-6200AC56E7C3}.MinSizeRel|Win32.Build.0 = MinSizeRel|Win32
		{4BC6966B-A94E-3074-BABF-6200AC56E7C3}.RelWithDebInfo|Win32.ActiveCfg = RelWithDebInfo|Win32
		{4BC6966B-A94E-3074-BABF-6200AC56E7C3}.RelWithDebInfo|Win32.Build.0 = RelWithDebInfo|Win32
		{1E218360-352E-3968-B9A2-2FC30B7EAAF4}.Debug|Win32.ActiveCfg = Debug|Win32
		{1E218360-352E-3968-B9A2-2FC30B7EAAF4}.Debug|Win32.Build.0 = Debug|Win32
		{1E218360-352E-3968-B9A2-2FC30B7EAAF4}.Release|Win32.ActiveCfg = Release|Win32
		{1E218360-352E-3968-B9A2-2FC30B7EAAF4}.Release|Win32.Build.0 = Release|Win32
		{1E218360-352E-3968-B9A2-2FC30B7EAAF4}.MinSizeRel|Win32.ActiveCfg = MinSizeRel|Win32
		{1E218360-352E-3968-B9A2-2FC30B7EAAF4}.MinSizeRel|Win32.Build.0 = MinSizeRel|Win32
		{1E218360-352E-3968-B9A2-2FC30B7EAAF4}.RelWithDebInfo|Win32.ActiveCfg = RelWithDebInfo|Win32
		{1E218360-352E-3968-B9A2-2FC30B7EAAF4}.RelWithDebInfo|Win32.Build.0 = RelWithDebInfo|Win32
		{C3FA82AF-754D-3B31-92EF-8590F317D692}.Debug|Win32.ActiveCfg = Debug|Win32
		{C3FA82AF-754D-3B31-92EF-8590F317D692}.Debug|Win32.Build.0 = Debug|Win32
		{C3FA82AF-754D-3B31-92EF-8590F317D692}.Release|Win32.ActiveCfg = Release|Win32
		{C3FA82AF-754D-3B31-92EF-8590F317D692}.Release|Win32.Build.0 = Release|Win32
		{C3FA82AF-754D-3B31-92EF-8590F317D692}.MinSizeRel|Win32.ActiveCfg = MinSizeRel|Win32
		{C3FA82AF-754D-3B31-92EF-8590F317D692}.MinSizeRel|Win32.Build.0 = MinSizeRel|Win32
		{C3FA82AF-754D-3B31-92EF-8590F317D692}.RelWithDebInfo|Win32.ActiveCfg = RelWithDebInfo|Win32
		{C3FA82AF-754D-3B31-92EF-8590F317D692}.RelWithDebInfo|Win32.Build.0 = RelWithDebInfo|Win32
		{0F999AE9-195C-3DF5-A7D2-2B7988F88CE7}.Debug|Win32.ActiveCfg = Debug|Win32
		{0F999AE9-195C-3DF5-A7D2-2B7988F88CE7}.Debug|Win32.Build.0 = Debug|Win32
		{0F999AE9-195C-3DF5-A7D2-2B7988F88CE7}.Release|Win32.ActiveCfg = Release|Win32
		{0F999AE9-195C-3DF5-A7D2-2B7988F88CE7}.Release|Win32.Build.0 = Release|Win32
		{0F999AE9-195C-3DF5-A7D2-2B7988F88CE7}.MinSizeRel|Win32.ActiveCfg = MinSizeRel|Win32
		{0F999AE9-195C-3DF5-A7D2-2B7988F88CE7}.MinSizeRel|Win32.Build.0 = MinSizeRel|Win32
		{0F999AE9-195C-3DF5-A7D2-2B7988F88CE7}.RelWithDebInfo|Win32.ActiveCfg = RelWithDebInfo|Win32
		{0F999AE9-195C-3DF5-A7D2-2B7988F88CE7}.RelWithDebInfo|Win32.Build.0 = RelWithDebInfo|Win32
		{4DB19734-DDCD-36EE-9396-A98BC540379E}.Debug|Win32.ActiveCfg = Debug|Win32
		{4DB19734-DDCD-36EE-9396-A98BC540379E}.Debug|Win32.Build.0 = Debug|Win32
		{4DB19734-DDCD-36EE-9396-A98BC540379E}.Release|Win32.ActiveCfg = Release|Win32
		{4DB19734-DDCD-36EE-9396-A98BC540379E}.Release|Win32.Build.0 = Release|Win32
		{4DB19734-DDCD-36EE-9396-A98BC540379E}.MinSizeRel|Win32.ActiveCfg = MinSizeRel|Win32
		{4DB19734-DDCD-36EE-9396-A98BC540379E}.MinSizeRel|Win32.Build.0 = MinSizeRel|Win32
		{4DB19734-DDCD-36EE-9396-A98BC540379E}.RelWithDebInfo|Win32.ActiveCfg = RelWithDebInfo|Win32
		{4DB19734-DDCD-36EE-9396-A98BC540379E}.RelWithDebInfo|Win32.Build.0 = RelWithDebInfo|Win32
	EndGlobalSection
	GlobalSection(NestedProjects) = preSolution
		{DB474D54-E150-3403-AA7F-1643CA4927F5} = {579CF841-1192-34BA-93B9-C449D00058E1}
		{FCB71E81-5D73-329C-97B1-2335CC395940} = {579CF841-1192-34BA-93B9-C449D00058E1}
		{C213C9F0-696F-3301-8305-54992FED1C5B} = {CADDA402-3738-35D6-894C-E8A1A20968CC}
		{F4BCD9A8-B654-3CFD-80F1-4D0D4D78568E} = {CADDA402-3738-35D6-894C-E8A1A20968CC}
		{1F873ED9-48B7-39CD-94FB-40AA5A467772} = {C213C9F0-696F-3301-8305-54992FED1C5B}
		{01A99466-A8C8-3D69-971B-B677002CAA2F} = {F4BCD9A8-B654-3CFD-80F1-4D0D4D78568E}
		{D3F519BE-93ED-34FD-B686-098E889AB7F5} = {F4BCD9A8-B654-3CFD-80F1-4D0D4D78568E}
		{3B93513D-61B9-33DE-AD5F-1CC244669543} = {F4BCD9A8-B654-3CFD-80F1-4D0D4D78568E}
		{72390464-FE34-397E-8372-44FB62FC0A2C} = {F4BCD9A8-B654-3CFD-80F1-4D0D4D78568E}
		{C75C0F37-D157-30EC-9583-22659F0A46B5} = {F4BCD9A8-B654-3CFD-80F1-4D0D4D78568E}
		{DD874A8D-0E84-300F-8984-08B718052171} = {F4BCD9A8-B654-3CFD-80F1-4D0D4D78568E}
		{3663A639-176C-38F6-8366-F8D40AF260BE} = {F4BCD9A8-B654-3CFD-80F1-4D0D4D78568E}
		{3EDC7041-CCE9-3674-9EEB-47B3E0C21A35} = {F4BCD9A8-B654-3CFD-80F1-4D0D4D78568E}
		{3B1BE3D1-F7F9-3225-ABE6-CEDD830C93E3} = {F4BCD9A8-B654-3CFD-80F1-4D0D4D78568E}
		{B739233A-E180-3532-B256-45CF2AAD7764} = {F4BCD9A8-B654-3CFD-80F1-4D0D4D78568E}
		{543467CF-EA1D-338B-B13C-E40DB8741B3B} = {F4BCD9A8-B654-3CFD-80F1-4D0D4D78568E}
		{4FF56DBB-CBA7-32F9-8923-898D9161AEB7} = {F4BCD9A8-B654-3CFD-80F1-4D0D4D78568E}
		{2BF8343D-0D22-3641-B3B1-6B69E456CAC9} = {F4BCD9A8-B654-3CFD-80F1-4D0D4D78568E}
		{719E6014-3B63-3715-A2EB-EACC524B4E22} = {F4BCD9A8-B654-3CFD-80F1-4D0D4D78568E}
		{18CBB898-8F1F-3F1D-AA32-E0E5ECA36D8E} = {F4BCD9A8-B654-3CFD-80F1-4D0D4D78568E}
		{4BC6966B-A94E-3074-BABF-6200AC56E7C3} = {F4BCD9A8-B654-3CFD-80F1-4D0D4D78568E}
		{1E218360-352E-3968-B9A2-2FC30B7EAAF4} = {F4BCD9A8-B654-3CFD-80F1-4D0D4D78568E}
		{C3FA82AF-754D-3B31-92EF-8590F317D692} = {F4BCD9A8-B654-3CFD-80F1-4D0D4D78568E}
		{0F999AE9-195C-3DF5-A7D2-2B7988F88CE7} = {F4BCD9A8-B654-3CFD-80F1-4D0D4D78568E}
		{4DB19734-DDCD-36EE-9396-A98BC540379E} = {F4BCD9A8-B654-3CFD-80F1-4D0D4D78568E}
	EndGlobalSection
	GlobalSection(ExtensibilityGlobals) = postSolution
	EndGlobalSection
	GlobalSection(ExtensibilityAddIns) = postSolution
	EndGlobalSection
EndGlobal
